{
  "version": 3,
  "targets": {
    "net5.0": {
      "coverlet.console/1.7.2": {
        "type": "package"
      }
    },
    "net5.0/any": {
      "coverlet.console/1.7.2": {
        "type": "package",
        "tools": {
          "tools/netcoreapp2.2/any/DotnetToolSettings.xml": {},
          "tools/netcoreapp2.2/any/McMaster.Extensions.CommandLineUtils.dll": {},
          "tools/netcoreapp2.2/any/Microsoft.DotNet.PlatformAbstractions.dll": {},
          "tools/netcoreapp2.2/any/Microsoft.Extensions.DependencyInjection.Abstractions.dll": {},
          "tools/netcoreapp2.2/any/Microsoft.Extensions.DependencyInjection.dll": {},
          "tools/netcoreapp2.2/any/Microsoft.Extensions.DependencyModel.dll": {},
          "tools/netcoreapp2.2/any/Microsoft.Extensions.FileSystemGlobbing.dll": {},
          "tools/netcoreapp2.2/any/Mono.Cecil.Mdb.dll": {},
          "tools/netcoreapp2.2/any/Mono.Cecil.Pdb.dll": {},
          "tools/netcoreapp2.2/any/Mono.Cecil.Rocks.dll": {},
          "tools/netcoreapp2.2/any/Mono.Cecil.dll": {},
          "tools/netcoreapp2.2/any/Newtonsoft.Json.dll": {},
          "tools/netcoreapp2.2/any/coverlet.console.deps.json": {},
          "tools/netcoreapp2.2/any/coverlet.console.dll": {},
          "tools/netcoreapp2.2/any/coverlet.console.pdb": {},
          "tools/netcoreapp2.2/any/coverlet.console.runtimeconfig.json": {},
          "tools/netcoreapp2.2/any/coverlet.core.dll": {},
          "tools/netcoreapp2.2/any/coverlet.core.pdb": {}
        }
      }
    }
  },
  "libraries": {
    "coverlet.console/1.7.2": {
      "sha512": "0HwWWECNVg3AadUZdgDOlbzIwzxtP+tqKoVAa+hHGptqqWE/s7sCLXin2J4U4MWMbaEliU/WAG/88in7ZpA5Nw==",
      "type": "package",
      "path": "coverlet.console/1.7.2",
      "hasTools": true,
      "files": [
        ".nupkg.metadata",
        ".signature.p7s",
        "coverlet-icon.png",
        "coverlet.console.1.7.2.nupkg.sha512",
        "coverlet.console.nuspec",
        "tools/netcoreapp2.2/any/DotnetToolSettings.xml",
        "tools/netcoreapp2.2/any/McMaster.Extensions.CommandLineUtils.dll",
        "tools/netcoreapp2.2/any/Microsoft.DotNet.PlatformAbstractions.dll",
        "tools/netcoreapp2.2/any/Microsoft.Extensions.DependencyInjection.Abstractions.dll",
        "tools/netcoreapp2.2/any/Microsoft.Extensions.DependencyInjection.dll",
        "tools/netcoreapp2.2/any/Microsoft.Extensions.DependencyModel.dll",
        "tools/netcoreapp2.2/any/Microsoft.Extensions.FileSystemGlobbing.dll",
        "tools/netcoreapp2.2/any/Mono.Cecil.Mdb.dll",
        "tools/netcoreapp2.2/any/Mono.Cecil.Pdb.dll",
        "tools/netcoreapp2.2/any/Mono.Cecil.Rocks.dll",
        "tools/netcoreapp2.2/any/Mono.Cecil.dll",
        "tools/netcoreapp2.2/any/Newtonsoft.Json.dll",
        "tools/netcoreapp2.2/any/coverlet.console.deps.json",
        "tools/netcoreapp2.2/any/coverlet.console.dll",
        "tools/netcoreapp2.2/any/coverlet.console.pdb",
        "tools/netcoreapp2.2/any/coverlet.console.runtimeconfig.json",
        "tools/netcoreapp2.2/any/coverlet.core.dll",
        "tools/netcoreapp2.2/any/coverlet.core.pdb"
      ]
    }
  },
  "projectFileDependencyGroups": {
    "net5.0": [
      "coverlet.console >= *"
    ]
  },
  "packageFolders": {
    "/home/andrei/work/target-dotnet-sdk/tools/.store/.stage/2cin2obr.vmg": {}
  },
  "project": {
    "version": "1.0.0",
    "restore": {
      "projectUniqueName": "/tmp/4eeob2rq.ew4/restore.csproj",
      "projectName": "restore",
      "projectPath": "/tmp/4eeob2rq.ew4/restore.csproj",
      "packagesPath": "/home/andrei/work/target-dotnet-sdk/tools/.store/.stage/2cin2obr.vmg",
      "outputPath": "/home/andrei/work/target-dotnet-sdk/tools/.store/.stage/2cin2obr.vmg/",
      "projectStyle": "DotnetToolReference",
      "configFilePaths": [
        "/home/andrei/.nuget/NuGet/NuGet.Config"
      ],
      "originalTargetFrameworks": [
        "net5.0"
      ],
      "sources": {
        "https://api.nuget.org/v3/index.json": {}
      },
      "frameworks": {
        "net5.0": {
          "targetAlias": "net5.0",
          "projectReferences": {}
        }
      },
      "warningProperties": {
        "warnAsError": [
          "NU1605"
        ]
      }
    },
    "frameworks": {
      "net5.0": {
        "targetAlias": "net5.0",
        "dependencies": {
          "coverlet.console": {
            "target": "Package",
            "version": "[*, )"
          }
        },
        "imports": [
          "net461",
          "net462",
          "net47",
          "net471",
          "net472",
          "net48"
        ],
        "assetTargetFallback": true,
        "warn": true,
        "runtimeIdentifierGraphPath": "/usr/share/dotnet/sdk/5.0.100/RuntimeIdentifierGraph.json"
      }
    },
    "runtimes": {
      "any": {
        "#import": []
      }
    }
  }
}